// !$*UTF8*$!
{
	archiveVersion = 1;
	classes = {
	};
	objectVersion = 56;
	objects = {

/* Begin PBXBuildFile section */
		B6FD6D6D2A9CAFE400A0A072 /* MapsIntegrationApp.swift in Sources */ = {isa = PBXBuildFile; fileRef = B6FD6D6C2A9CAFE400A0A072 /* MapsIntegrationApp.swift */; };
		B6FD6D6F2A9CAFE400A0A072 /* ContentView.swift in Sources */ = {isa = PBXBuildFile; fileRef = B6FD6D6E2A9CAFE400A0A072 /* ContentView.swift */; };
		B6FD6D712A9CAFE500A0A072 /* Assets.xcassets in Resources */ = {isa = PBXBuildFile; fileRef = B6FD6D702A9CAFE500A0A072 /* Assets.xcassets */; };
		B6FD6D742A9CAFE500A0A072 /* Preview Assets.xcassets in Resources */ = {isa = PBXBuildFile; fileRef = B6FD6D732A9CAFE500A0A072 /* Preview Assets.xcassets */; };
		B6FD6D762A9CAFE500A0A072 /* Persistence.swift in Sources */ = {isa = PBXBuildFile; fileRef = B6FD6D752A9CAFE500A0A072 /* Persistence.swift */; };
		B6FD6D792A9CAFE500A0A072 /* MapsIntegration.xcdatamodeld in Sources */ = {isa = PBXBuildFile; fileRef = B6FD6D772A9CAFE500A0A072 /* MapsIntegration.xcdatamodeld */; };
		B6FD6D802A9CB02B00A0A072 /* Mapview.swift in Sources */ = {isa = PBXBuildFile; fileRef = B6FD6D7F2A9CB02B00A0A072 /* Mapview.swift */; };
/* End PBXBuildFile section */

/* Begin PBXFileReference section */
		B6FD6D692A9CAFE400A0A072 /* MapsIntegration.app */ = {isa = PBXFileReference; explicitFileType = wrapper.application; includeInIndex = 0; path = MapsIntegration.app; sourceTree = BUILT_PRODUCTS_DIR; };
		B6FD6D6C2A9CAFE400A0A072 /* MapsIntegrationApp.swift */ = {isa = PBXFileReference; lastKnownFileType = sourcecode.swift; path = MapsIntegrationApp.swift; sourceTree = "<group>"; };
		B6FD6D6E2A9CAFE400A0A072 /* ContentView.swift */ = {isa = PBXFileReference; lastKnownFileType = sourcecode.swift; path = ContentView.swift; sourceTree = "<group>"; };
		B6FD6D702A9CAFE500A0A072 /* Assets.xcassets */ = {isa = PBXFileReference; lastKnownFileType = folder.assetcatalog; path = Assets.xcassets; sourceTree = "<group>"; };
		B6FD6D732A9CAFE500A0A072 /* Preview Assets.xcassets */ = {isa = PBXFileReference; lastKnownFileType = folder.assetcatalog; path = "Preview Assets.xcassets"; sourceTree = "<group>"; };
		B6FD6D752A9CAFE500A0A072 /* Persistence.swift */ = {isa = PBXFileReference; lastKnownFileType = sourcecode.swift; path = Persistence.swift; sourceTree = "<group>"; };
		B6FD6D782A9CAFE500A0A072 /* MapsIntegration.xcdatamodel */ = {isa = PBXFileReference; lastKnownFileType = wrapper.xcdatamodel; path = MapsIntegration.xcdatamodel; sourceTree = "<group>"; };
		B6FD6D7F2A9CB02B00A0A072 /* Mapview.swift */ = {isa = PBXFileReference; lastKnownFileType = sourcecode.swift; path = Mapview.swift; sourceTree = "<group>"; };
/* End PBXFileReference section */

/* Begin PBXFrameworksBuildPhase section */
		B6FD6D662A9CAFE400A0A072 /* Frameworks */ = {
			isa = PBXFrameworksBuildPhase;
			buildActionMask = 2147483647;
			files = (
			);
			runOnlyForDeploymentPostprocessing = 0;
		};
/* End PBXFrameworksBuildPhase section */

/* Begin PBXGroup section */
		B6FD6D602A9CAFE400A0A072 = {
			isa = PBXGroup;
			children = (
				B6FD6D6B2A9CAFE400A0A072 /* MapsIntegration */,
				B6FD6D6A2A9CAFE400A0A072 /* Products */,
			);
			sourceTree = "<group>";
		};
		B6FD6D6A2A9CAFE400A0A072 /* Products */ = {
			isa = PBXGroup;
			children = (
				B6FD6D692A9CAFE400A0A072 /* MapsIntegration.app */,
			);
			name = Products;
			sourceTree = "<group>";
		};
		B6FD6D6B2A9CAFE400A0A072 /* MapsIntegration */ = {
			isa = PBXGroup;
			children = (
				B6FD6D6C2A9CAFE400A0A072 /* MapsIntegrationApp.swift */,
				B6FD6D6E2A9CAFE400A0A072 /* ContentView.swift */,
				B6FD6D702A9CAFE500A0A072 /* Assets.xcassets */,
				B6FD6D752A9CAFE500A0A072 /* Persistence.swift */,
				B6FD6D772A9CAFE500A0A072 /* MapsIntegration.xcdatamodeld */,
				B6FD6D722A9CAFE500A0A072 /* Preview Content */,
				B6FD6D7F2A9CB02B00A0A072 /* Mapview.swift */,
			);
			path = MapsIntegration;
			sourceTree = "<group>";
		};
		B6FD6D722A9CAFE500A0A072 /* Preview Content */ = {
			isa = PBXGroup;
			children = (
				B6FD6D732A9CAFE500A0A072 /* Preview Assets.xcassets */,
			);
			path = "Preview Content";
			sourceTree = "<group>";
		};
/* End PBXGroup section */

/* Begin PBXNativeTarget section */
		B6FD6D682A9CAFE400A0A072 /* MapsIntegration */ = {
			isa = PBXNativeTarget;
			buildConfigurationList = B6FD6D7C2A9CAFE500A0A072 /* Build configuration list for PBXNativeTarget "MapsIntegration" */;
			buildPhases = (
				B6FD6D652A9CAFE400A0A072 /* Sources */,
				B6FD6D662A9CAFE400A0A072 /* Frameworks */,
				B6FD6D672A9CAFE400A0A072 /* Resources */,
			);
			buildRules = (
			);
			dependencies = (
			);
			name = MapsIntegration;
			productName = MapsIntegration;
			productReference = B6FD6D692A9CAFE400A0A072 /* MapsIntegration.app */;
			productType = "com.apple.product-type.application";
		};
/* End PBXNativeTarget section */

/* Begin PBXProject section */
		B6FD6D612A9CAFE400A0A072 /* Project object */ = {
			isa = PBXProject;
			attributes = {
				BuildIndependentTargetsInParallel = 1;
				LastSwiftUpdateCheck = 1430;
				LastUpgradeCheck = 1430;
				TargetAttributes = {
					B6FD6D682A9CAFE400A0A072 = {
						CreatedOnToolsVersion = 14.3.1;
					};
				};
			};
			buildConfigurationList = B6FD6D642A9CAFE400A0A072 /* Build configuration list for PBXProject "MapsIntegration" */;
			compatibilityVersion = "Xcode 14.0";
			developmentRegion = en;
			hasScannedForEncodings = 0;
			knownRegions = (
				en,
				Base,
			);
			mainGroup = B6FD6D602A9CAFE400A0A072;
			productRefGroup = B6FD6D6A2A9CAFE400A0A072 /* Products */;
			projectDirPath = "";
			projectRoot = "";
			targets = (
				B6FD6D682A9CAFE400A0A072 /* MapsIntegration */,
			);
		};
/* End PBXProject section */

/* Begin PBXResourcesBuildPhase section */
		B6FD6D672A9CAFE400A0A072 /* Resources */ = {
			isa = PBXResourcesBuildPhase;
			buildActionMask = 2147483647;
			files = (
				B6FD6D742A9CAFE500A0A072 /* Preview Assets.xcassets in Resources */,
				B6FD6D712A9CAFE500A0A072 /* Assets.xcassets in Resources */,
			);
			runOnlyForDeploymentPostprocessing = 0;
		};
/* End PBXResourcesBuildPhase section */

/* Begin PBXSourcesBuildPhase section */
		B6FD6D652A9CAFE400A0A072 /* Sources */ = {
			isa = PBXSourcesBuildPhase;
			buildActionMask = 2147483647;
			files = (
				B6FD6D762A9CAFE500A0A072 /* Persistence.swift in Sources */,
				B6FD6D792A9CAFE500A0A072 /* MapsIntegration.xcdatamodeld in Sources */,
				B6FD6D6F2A9CAFE400A0A072 /* ContentView.swift in Sources */,
				B6FD6D802A9CB02B00A0A072 /* Mapview.swift in Sources */,
				B6FD6D6D2A9CAFE400A0A072 /* MapsIntegrationApp.swift in Sources */,
			);
			runOnlyForDeploymentPostprocessing = 0;
		};
/* End PBXSourcesBuildPhase section */

/* Begin XCBuildConfiguration section */
		B6FD6D7A2A9CAFE500A0A072 /* Debug */ = {
			isa = XCBuildConfiguration;
			buildSettings = {
				ALWAYS_SEARCH_USER_PATHS = NO;
				CLANG_ANALYZER_NONNULL = YES;
				CLANG_ANALYZER_NUMBER_OBJECT_CONVERSION = YES_AGGRESSIVE;
				CLANG_CXX_LANGUAGE_STANDARD = "gnu++20";
				CLANG_ENABLE_MODULES = YES;
				CLANG_ENABLE_OBJC_ARC = YES;
				CLANG_ENABLE_OBJC_WEAK = YES;
				CLANG_WARN_BLOCK_CAPTURE_AUTORELEASING = YES;
				CLANG_WARN_BOOL_CONVERSION = YES;
				CLANG_WARN_COMMA = YES;
				CLANG_WARN_CONSTANT_CONVERSION = YES;
				CLANG_WARN_DEPRECATED_OBJC_IMPLEMENTATIONS = YES;
				CLANG_WARN_DIRECT_OBJC_ISA_USAGE = YES_ERROR;
				CLANG_WARN_DOCUMENTATION_COMMENTS = YES;
				CLANG_WARN_EMPTY_BODY = YES;
				CLANG_WARN_ENUM_CONVERSION = YES;
				CLANG_WARN_INFINITE_RECURSION = YES;
				CLANG_WARN_INT_CONVERSION = YES;
				CLANG_WARN_NON_LITERAL_NULL_CONVERSION = YES;
				CLANG_WARN_OBJC_IMPLICIT_RETAIN_SELF = YES;
				CLANG_WARN_OBJC_LITERAL_CONVERSION = YES;
				CLANG_WARN_OBJC_ROOT_CLASS = YES_ERROR;
				CLANG_WARN_QUOTED_INCLUDE_IN_FRAMEWORK_HEADER = YES;
				CLANG_WARN_RANGE_LOOP_ANALYSIS = YES;
				CLANG_WARN_STRICT_PROTOTYPES = YES;
				CLANG_WARN_SUSPICIOUS_MOVE = YES;
				CLANG_WARN_UNGUARDED_AVAILABILITY = YES_AGGRESSIVE;
				CLANG_WARN_UNREACHABLE_CODE = YES;
				CLANG_WARN__DUPLICATE_METHOD_MATCH = YES;
				COPY_PHASE_STRIP = NO;
				DEBUG_INFORMATION_FORMAT = dwarf;
				ENABLE_STRICT_OBJC_MSGSEND = YES;
				ENABLE_TESTABILITY = YES;
				GCC_C_LANGUAGE_STANDARD = gnu11;
				GCC_DYNAMIC_NO_PIC = NO;
				GCC_NO_COMMON_BLOCKS = YES;
				GCC_OPTIMIZATION_LEVEL = 0;
				GCC_PREPROCESSOR_DEFINITIONS = (
					"DEBUG=1",
					"$(inherited)",
				);
				GCC_WARN_64_TO_32_BIT_CONVERSION = YES;
				GCC_WARN_ABOUT_RETURN_TYPE = YES_ERROR;
				GCC_WARN_UNDECLARED_SELECTOR = YES;
				GCC_WARN_UNINITIALIZED_AUTOS = YES_AGGRESSIVE;
				GCC_WARN_UNUSED_FUNCTION = YES;
				GCC_WARN_UNUSED_VARIABLE = YES;
				IPHONEOS_DEPLOYMENT_TARGET = 16.4;
				MTL_ENABLE_DEBUG_INFO = INCLUDE_SOURCE;
				MTL_FAST_MATH = YES;
				ONLY_ACTIVE_ARCH = YES;
				SDKROOT = iphoneos;
				SWIFT_ACTIVE_COMPILATION_CONDITIONS = DEBUG;
				SWIFT_OPTIMIZATION_LEVEL = "-Onone";
			};
			name = Debug;
		};
		B6FD6D7B2A9CAFE500A0A072 /* Release */ = {
			isa = XCBuildConfiguration;
			buildSettings = {
				ALWAYS_SEARCH_USER_PATHS = NO;
				CLANG_ANALYZER_NONNULL = YES;
				CLANG_ANALYZER_NUMBER_OBJECT_CONVERSION = YES_AGGRESSIVE;
				CLANG_CXX_LANGUAGE_STANDARD = "gnu++20";
				CLANG_ENABLE_MODULES = YES;
				CLANG_ENABLE_OBJC_ARC = YES;
				CLANG_ENABLE_OBJC_WEAK = YES;
				CLANG_WARN_BLOCK_CAPTURE_AUTORELEASING = YES;
				CLANG_WARN_BOOL_CONVERSION = YES;
				CLANG_WARN_COMMA = YES;
				CLANG_WARN_CONSTANT_CONVERSION = YES;
				CLANG_WARN_DEPRECATED_OBJC_IMPLEMENTATIONS = YES;
				CLANG_WARN_DIRECT_OBJC_ISA_USAGE = YES_ERROR;
				CLANG_WARN_DOCUMENTATION_COMMENTS = YES;
				CLANG_WARN_EMPTY_BODY = YES;
				CLANG_WARN_ENUM_CONVERSION = YES;
				CLANG_WARN_INFINITE_RECURSION = YES;
				CLANG_WARN_INT_CONVERSION = YES;
				CLANG_WARN_NON_LITERAL_NULL_CONVERSION = YES;
				CLANG_WARN_OBJC_IMPLICIT_RETAIN_SELF = YES;
				CLANG_WARN_OBJC_LITERAL_CONVERSION = YES;
				CLANG_WARN_OBJC_ROOT_CLASS = YES_ERROR;
				CLANG_WARN_QUOTED_INCLUDE_IN_FRAMEWORK_HEADER = YES;
				CLANG_WARN_RANGE_LOOP_ANALYSIS = YES;
				CLANG_WARN_STRICT_PROTOTYPES = YES;
				CLANG_WARN_SUSPICIOUS_MOVE = YES;
				CLANG_WARN_UNGUARDED_AVAILABILITY = YES_AGGRESSIVE;
				CLANG_WARN_UNREACHABLE_CODE = YES;
				CLANG_WARN__DUPLICATE_METHOD_MATCH = YES;
				COPY_PHASE_STRIP = NO;
				DEBUG_INFORMATION_FORMAT = "dwarf-with-dsym";
				ENABLE_NS_ASSERTIONS = NO;
				ENABLE_STRICT_OBJC_MSGSEND = YES;
				GCC_C_LANGUAGE_STANDARD = gnu11;
				GCC_NO_COMMON_BLOCKS = YES;
				GCC_WARN_64_TO_32_BIT_CONVERSION = YES;
				GCC_WARN_ABOUT_RETURN_TYPE = YES_ERROR;
				GCC_WARN_UNDECLARED_SELECTOR = YES;
				GCC_WARN_UNINITIALIZED_AUTOS = YES_AGGRESSIVE;
				GCC_WARN_UNUSED_FUNCTION = YES;
				GCC_WARN_UNUSED_VARIABLE = YES;
				IPHONEOS_DEPLOYMENT_TARGET = 16.4;
				MTL_ENABLE_DEBUG_INFO = NO;
				MTL_FAST_MATH = YES;
				SDKROOT = iphoneos;
				SWIFT_COMPILATION_MODE = wholemodule;
				SWIFT_OPTIMIZATION_LEVEL = "-O";
				VALIDATE_PRODUCT = YES;
			};
			name = Release;
		};
		B6FD6D7D2A9CAFE500A0A072 /* Debug */ = {
			isa = XCBuildConfiguration;
			buildSettings = {
				ASSETCATALOG_COMPILER_APPICON_NAME = AppIcon;
				ASSETCATALOG_COMPILER_GLOBAL_ACCENT_COLOR_NAME = AccentColor;
				CODE_SIGN_STYLE = Automatic;
				CURRENT_PROJECT_VERSION = 1;
				DEVELOPMENT_ASSET_PATHS = "\"MapsIntegration/Preview Content\"";
				DEVELOPMENT_TEAM = 537LM9MEDG;
				ENABLE_PREVIEWS = YES;
				GENERATE_INFOPLIST_FILE = YES;
				INFOPLIST_KEY_UIApplicationSceneManifest_Generation = YES;
				INFOPLIST_KEY_UIApplicationSupportsIndirectInputEvents = YES;
				INFOPLIST_KEY_UILaunchScreen_Generation = YES;
				INFOPLIST_KEY_UISupportedInterfaceOrientations_iPad = "UIInterfaceOrientationPortrait UIInterfaceOrientationPortraitUpsideDown UIInterfaceOrientationLandscapeLeft UIInterfaceOrientationLandscapeRight";
				INFOPLIST_KEY_UISupportedInterfaceOrientations_iPhone = "UIInterfaceOrientationPortrait UIInterfaceOrientationLandscapeLeft UIInterfaceOrientationLandscapeRight";
				LD_RUNPATH_SEARCH_PATHS = (
					"$(inherited)",
					"@executable_path/Frameworks",
				);
				MARKETING_VERSION = 1.0;
				PRODUCT_BUNDLE_IDENTIFIER = com.emirates.MapsIntegration;
				PRODUCT_NAME = "$(TARGET_NAME)";
				SWIFT_EMIT_LOC_STRINGS = YES;
				SWIFT_VERSION = 5.0;
				TARGETED_DEVICE_FAMILY = "1,2";
			};
			name = Debug;
		};
		B6FD6D7E2A9CAFE500A0A072 /* Release */ = {
			isa = XCBuildConfiguration;
			buildSettings = {
				ASSETCATALOG_COMPILER_APPICON_NAME = AppIcon;
				ASSETCATALOG_COMPILER_GLOBAL_ACCENT_COLOR_NAME = AccentColor;
				CODE_SIGN_STYLE = Automatic;
				CURRENT_PROJECT_VERSION = 1;
				DEVELOPMENT_ASSET_PATHS = "\"MapsIntegration/Preview Content\"";
				DEVELOPMENT_TEAM = 537LM9MEDG;
				ENABLE_PREVIEWS = YES;
				GENERATE_INFOPLIST_FILE = YES;
				INFOPLIST_KEY_UIApplicationSceneManifest_Generation = YES;
				INFOPLIST_KEY_UIApplicationSupportsIndirectInputEvents = YES;
				INFOPLIST_KEY_UILaunchScreen_Generation = YES;
				INFOPLIST_KEY_UISupportedInterfaceOrientations_iPad = "UIInterfaceOrientationPortrait UIInterfaceOrientationPortraitUpsideDown UIInterfaceOrientationLandscapeLeft UIInterfaceOrientationLandscapeRight";
				INFOPLIST_KEY_UISupportedInterfaceOrientations_iPhone = "UIInterfaceOrientationPortrait UIInterfaceOrientationLandscapeLeft UIInterfaceOrientationLandscapeRight";
				LD_RUNPATH_SEARCH_PATHS = (
					"$(inherited)",
					"@executable_path/Frameworks",
				);
				MARKETING_VERSION = 1.0;
				PRODUCT_BUNDLE_IDENTIFIER = com.emirates.MapsIntegration;
				PRODUCT_NAME = "$(TARGET_NAME)";
				SWIFT_EMIT_LOC_STRINGS = YES;
				SWIFT_VERSION = 5.0;
				TARGETED_DEVICE_FAMILY = "1,2";
			};
			name = Release;
		};
/* End XCBuildConfiguration section */

/* Begin XCConfigurationList section */
		B6FD6D642A9CAFE400A0A072 /* Build configuration list for PBXProject "MapsIntegration" */ = {
			isa = XCConfigurationList;
			buildConfigurations = (
				B6FD6D7A2A9CAFE500A0A072 /* Debug */,
				B6FD6D7B2A9CAFE500A0A072 /* Release */,
			);
			defaultConfigurationIsVisible = 0;
			defaultConfigurationName = Release;
		};
		B6FD6D7C2A9CAFE500A0A072 /* Build configuration list for PBXNativeTarget "MapsIntegration" */ = {
			isa = XCConfigurationList;
			buildConfigurations = (
				B6FD6D7D2A9CAFE500A0A072 /* Debug */,
				B6FD6D7E2A9CAFE500A0A072 /* Release */,
			);
			defaultConfigurationIsVisible = 0;
			defaultConfigurationName = Release;
		};
/* End XCConfigurationList section */

/* Begin XCVersionGroup section */
		B6FD6D772A9CAFE500A0A072 /* MapsIntegration.xcdatamodeld */ = {
			isa = XCVersionGroup;
			children = (
				B6FD6D782A9CAFE500A0A072 /* MapsIntegration.xcdatamodel */,
			);
			currentVersion = B6FD6D782A9CAFE500A0A072 /* MapsIntegration.xcdatamodel */;
			path = MapsIntegration.xcdatamodeld;
			sourceTree = "<group>";
			versionGroupType = wrapper.xcdatamodel;
		};
/* End XCVersionGroup section */
	};
	rootObject = B6FD6D612A9CAFE400A0A072 /* Project object */;
}
